
Microsoft Visual Studio Solution File, Format Version 12.00
# Visual Studio 15
VisualStudioVersion = 15.0.28010.2041
MinimumVisualStudioVersion = 10.0.40219.1
Project("{FAE04EC0-301F-11D3-BF4B-00C04F79EFBC}") = "WindowsFormsApp3", "WindowsFormsApp3\WindowsFormsApp3.csproj", "{99DD1CFD-B070-4BD5-ADE6-2F819E7E5C1D}"
EndProject
Project("{FAE04EC0-301F-11D3-BF4B-00C04F79EFBC}") = "Base", "Base\Base.csproj", "{D61316EA-D88D-4579-B95A-ED7B864F572C}"
EndProject
Global
	GlobalSection(SolutionConfigurationPlatforms) = preSolution
		Debug|Any CPU = Debug|Any CPU
		Release|Any CPU = Release|Any CPU
	EndGlobalSection
	GlobalSection(ProjectConfigurationPlatforms) = postSolution
		{99DD1CFD-B070-4BD5-ADE6-2F819E7E5C1D}.Debug|Any CPU.ActiveCfg = Debug|Any CPU
		{99DD1CFD-B070-4BD5-ADE6-2F819E7E5C1D}.Debug|Any CPU.Build.0 = Debug|Any CPU
		{99DD1CFD-B070-4BD5-ADE6-2F819E7E5C1D}.Release|Any CPU.ActiveCfg = Release|Any CPU
		{99DD1CFD-B070-4BD5-ADE6-2F819E7E5C1D}.Release|Any CPU.Build.0 = Release|Any CPU
		{D61316EA-D88D-4579-B95A-ED7B864F572C}.Debug|Any CPU.ActiveCfg = Debug|Any CPU
		{D61316EA-D88D-4579-B95A-ED7B864F572C}.Debug|Any CPU.Build.0 = Debug|Any CPU
		{D61316EA-D88D-4579-B95A-ED7B864F572C}.Release|Any CPU.ActiveCfg = Release|Any CPU
		{D61316EA-D88D-4579-B95A-ED7B864F572C}.Release|Any CPU.Build.0 = Release|Any CPU
	EndGlobalSection
	GlobalSection(SolutionProperties) = preSolution
		HideSolutionNode = FALSE
	EndGlobalSection
	GlobalSection(ExtensibilityGlobals) = postSolution
		SolutionGuid = {06F7CD92-E8A8-4E0C-82EE-0D3A5FD79A9D}
	EndGlobalSection
EndGlobal
